
Microsoft Visual Studio Solution File, Format Version 12.00
# Visual Studio 15
VisualStudioVersion = 15.0.27703.2026
MinimumVisualStudioVersion = 10.0.40219.1
Project("{FAE04EC0-301F-11D3-BF4B-00C04F79EFBC}") = "DakiHunt.Server", "DakiHunt.Server\DakiHunt.Server.csproj", "{A15B160D-E611-4463-99CF-739D0EB4F3FD}"
EndProject
Project("{FAE04EC0-301F-11D3-BF4B-00C04F79EFBC}") = "DakiHunt.Client", "DakiHunt.Client\DakiHunt.Client.csproj", "{B923A064-2CD0-4FED-8D87-724F642A719D}"
EndProject
Project("{FAE04EC0-301F-11D3-BF4B-00C04F79EFBC}") = "DakiHunt.Shared", "DakiHunt.Shared\DakiHunt.Shared.csproj", "{48C9C438-34DD-4342-AA13-769095EC02F0}"
EndProject
Global
	GlobalSection(SolutionConfigurationPlatforms) = preSolution
		Debug|Any CPU = Debug|Any CPU
		Release|Any CPU = Release|Any CPU
	EndGlobalSection
	GlobalSection(ProjectConfigurationPlatforms) = postSolution
		{A15B160D-E611-4463-99CF-739D0EB4F3FD}.Debug|Any CPU.ActiveCfg = Debug|Any CPU
		{A15B160D-E611-4463-99CF-739D0EB4F3FD}.Debug|Any CPU.Build.0 = Debug|Any CPU
		{A15B160D-E611-4463-99CF-739D0EB4F3FD}.Release|Any CPU.ActiveCfg = Release|Any CPU
		{A15B160D-E611-4463-99CF-739D0EB4F3FD}.Release|Any CPU.Build.0 = Release|Any CPU
		{B923A064-2CD0-4FED-8D87-724F642A719D}.Debug|Any CPU.ActiveCfg = Debug|Any CPU
		{B923A064-2CD0-4FED-8D87-724F642A719D}.Debug|Any CPU.Build.0 = Debug|Any CPU
		{B923A064-2CD0-4FED-8D87-724F642A719D}.Release|Any CPU.ActiveCfg = Release|Any CPU
		{B923A064-2CD0-4FED-8D87-724F642A719D}.Release|Any CPU.Build.0 = Release|Any CPU
		{48C9C438-34DD-4342-AA13-769095EC02F0}.Debug|Any CPU.ActiveCfg = Debug|Any CPU
		{48C9C438-34DD-4342-AA13-769095EC02F0}.Debug|Any CPU.Build.0 = Debug|Any CPU
		{48C9C438-34DD-4342-AA13-769095EC02F0}.Release|Any CPU.ActiveCfg = Release|Any CPU
		{48C9C438-34DD-4342-AA13-769095EC02F0}.Release|Any CPU.Build.0 = Release|Any CPU
	EndGlobalSection
	GlobalSection(SolutionProperties) = preSolution
		HideSolutionNode = FALSE
	EndGlobalSection
	GlobalSection(ExtensibilityGlobals) = postSolution
		SolutionGuid = {BB36C2A9-634C-4ACE-8B64-52D403F64786}
	EndGlobalSection
EndGlobal
