
Microsoft Visual Studio Solution File, Format Version 12.00
# Visual Studio 15
VisualStudioVersion = 15.0.27703.2026
MinimumVisualStudioVersion = 10.0.40219.1
Project("{9A19103F-16F7-4668-BE54-9A1E7A4F7556}") = "DakiHunt.Server", "DakiHunt.Server\DakiHunt.Server.csproj", "{A15B160D-E611-4463-99CF-739D0EB4F3FD}"
EndProject
Project("{9A19103F-16F7-4668-BE54-9A1E7A4F7556}") = "DakiHunt.Client", "DakiHunt.Client\DakiHunt.Client.csproj", "{B923A064-2CD0-4FED-8D87-724F642A719D}"
EndProject
Project("{9A19103F-16F7-4668-BE54-9A1E7A4F7556}") = "DakiHunt.Models", "DakiHunt.Models\DakiHunt.Models.csproj", "{A70EE327-3F1E-45BA-BA13-4A8615A1BE20}"
EndProject
Project("{FAE04EC0-301F-11D3-BF4B-00C04F79EFBC}") = "DakiHunt.Utils", "DakiHunt.Utils\DakiHunt.Utils.csproj", "{EF7ECCF9-3498-4BC9-AE31-03517080D53A}"
EndProject
Project("{2150E333-8FDC-42A3-9474-1A3956D46DE8}") = "Front", "Front", "{C5691857-3DEF-43F2-A09F-8B016D7ABF76}"
EndProject
Project("{2150E333-8FDC-42A3-9474-1A3956D46DE8}") = "Shared", "Shared", "{ECC18101-5C03-45BE-96AE-4E7D69785F6E}"
EndProject
Project("{2150E333-8FDC-42A3-9474-1A3956D46DE8}") = "Backend", "Backend", "{770B8288-295F-4A7D-9B5F-F7FD265E3932}"
EndProject
Project("{FAE04EC0-301F-11D3-BF4B-00C04F79EFBC}") = "DakiHunt.Api", "DakiHunt.Api\DakiHunt.Api.csproj", "{1E67CE2C-C697-45DE-9B7B-7D50C56A5CE3}"
EndProject
Project("{FAE04EC0-301F-11D3-BF4B-00C04F79EFBC}") = "DakiHunt.DataAccess", "DakiHunt.DataAccess\DakiHunt.DataAccess.csproj", "{D0B2F0DF-927A-4D39-B47B-91791B5FC4C5}"
EndProject
Global
	GlobalSection(SolutionConfigurationPlatforms) = preSolution
		Debug|Any CPU = Debug|Any CPU
		Release|Any CPU = Release|Any CPU
	EndGlobalSection
	GlobalSection(ProjectConfigurationPlatforms) = postSolution
		{A15B160D-E611-4463-99CF-739D0EB4F3FD}.Debug|Any CPU.ActiveCfg = Debug|Any CPU
		{A15B160D-E611-4463-99CF-739D0EB4F3FD}.Debug|Any CPU.Build.0 = Debug|Any CPU
		{A15B160D-E611-4463-99CF-739D0EB4F3FD}.Release|Any CPU.ActiveCfg = Release|Any CPU
		{A15B160D-E611-4463-99CF-739D0EB4F3FD}.Release|Any CPU.Build.0 = Release|Any CPU
		{B923A064-2CD0-4FED-8D87-724F642A719D}.Debug|Any CPU.ActiveCfg = Debug|Any CPU
		{B923A064-2CD0-4FED-8D87-724F642A719D}.Debug|Any CPU.Build.0 = Debug|Any CPU
		{B923A064-2CD0-4FED-8D87-724F642A719D}.Release|Any CPU.ActiveCfg = Release|Any CPU
		{B923A064-2CD0-4FED-8D87-724F642A719D}.Release|Any CPU.Build.0 = Release|Any CPU
		{A70EE327-3F1E-45BA-BA13-4A8615A1BE20}.Debug|Any CPU.ActiveCfg = Debug|Any CPU
		{A70EE327-3F1E-45BA-BA13-4A8615A1BE20}.Debug|Any CPU.Build.0 = Debug|Any CPU
		{A70EE327-3F1E-45BA-BA13-4A8615A1BE20}.Release|Any CPU.ActiveCfg = Release|Any CPU
		{A70EE327-3F1E-45BA-BA13-4A8615A1BE20}.Release|Any CPU.Build.0 = Release|Any CPU
		{EF7ECCF9-3498-4BC9-AE31-03517080D53A}.Debug|Any CPU.ActiveCfg = Debug|Any CPU
		{EF7ECCF9-3498-4BC9-AE31-03517080D53A}.Debug|Any CPU.Build.0 = Debug|Any CPU
		{EF7ECCF9-3498-4BC9-AE31-03517080D53A}.Release|Any CPU.ActiveCfg = Release|Any CPU
		{EF7ECCF9-3498-4BC9-AE31-03517080D53A}.Release|Any CPU.Build.0 = Release|Any CPU
		{1E67CE2C-C697-45DE-9B7B-7D50C56A5CE3}.Debug|Any CPU.ActiveCfg = Debug|Any CPU
		{1E67CE2C-C697-45DE-9B7B-7D50C56A5CE3}.Debug|Any CPU.Build.0 = Debug|Any CPU
		{1E67CE2C-C697-45DE-9B7B-7D50C56A5CE3}.Release|Any CPU.ActiveCfg = Release|Any CPU
		{1E67CE2C-C697-45DE-9B7B-7D50C56A5CE3}.Release|Any CPU.Build.0 = Release|Any CPU
		{D0B2F0DF-927A-4D39-B47B-91791B5FC4C5}.Debug|Any CPU.ActiveCfg = Debug|Any CPU
		{D0B2F0DF-927A-4D39-B47B-91791B5FC4C5}.Debug|Any CPU.Build.0 = Debug|Any CPU
		{D0B2F0DF-927A-4D39-B47B-91791B5FC4C5}.Release|Any CPU.ActiveCfg = Release|Any CPU
		{D0B2F0DF-927A-4D39-B47B-91791B5FC4C5}.Release|Any CPU.Build.0 = Release|Any CPU
	EndGlobalSection
	GlobalSection(SolutionProperties) = preSolution
		HideSolutionNode = FALSE
	EndGlobalSection
	GlobalSection(NestedProjects) = preSolution
		{A15B160D-E611-4463-99CF-739D0EB4F3FD} = {C5691857-3DEF-43F2-A09F-8B016D7ABF76}
		{B923A064-2CD0-4FED-8D87-724F642A719D} = {C5691857-3DEF-43F2-A09F-8B016D7ABF76}
		{A70EE327-3F1E-45BA-BA13-4A8615A1BE20} = {ECC18101-5C03-45BE-96AE-4E7D69785F6E}
		{EF7ECCF9-3498-4BC9-AE31-03517080D53A} = {ECC18101-5C03-45BE-96AE-4E7D69785F6E}
		{1E67CE2C-C697-45DE-9B7B-7D50C56A5CE3} = {770B8288-295F-4A7D-9B5F-F7FD265E3932}
		{D0B2F0DF-927A-4D39-B47B-91791B5FC4C5} = {770B8288-295F-4A7D-9B5F-F7FD265E3932}
	EndGlobalSection
	GlobalSection(ExtensibilityGlobals) = postSolution
		SolutionGuid = {BB36C2A9-634C-4ACE-8B64-52D403F64786}
	EndGlobalSection
EndGlobal
